
Microsoft Visual Studio Solution File, Format Version 12.00
# Visual Studio Version 17
VisualStudioVersion = 17.3.32819.101
MinimumVisualStudioVersion = 10.0.40219.1
Project("{FAE04EC0-301F-11D3-BF4B-00C04F79EFBC}") = "ABC.Core.Api", "ABC.Core.Api.csproj", "{CACDB683-6FF0-4779-A98D-D322CC134D5D}"
EndProject
Global
	GlobalSection(SolutionConfigurationPlatforms) = preSolution
		Debug|Any CPU = Debug|Any CPU
		Release|Any CPU = Release|Any CPU
	EndGlobalSection
	GlobalSection(ProjectConfigurationPlatforms) = postSolution
		{CACDB683-6FF0-4779-A98D-D322CC134D5D}.Debug|Any CPU.ActiveCfg = Debug|Any CPU
		{CACDB683-6FF0-4779-A98D-D322CC134D5D}.Debug|Any CPU.Build.0 = Debug|Any CPU
		{CACDB683-6FF0-4779-A98D-D322CC134D5D}.Release|Any CPU.ActiveCfg = Release|Any CPU
		{CACDB683-6FF0-4779-A98D-D322CC134D5D}.Release|Any CPU.Build.0 = Release|Any CPU
	EndGlobalSection
	GlobalSection(SolutionProperties) = preSolution
		HideSolutionNode = FALSE
	EndGlobalSection
	GlobalSection(ExtensibilityGlobals) = postSolution
		SolutionGuid = {53601D8B-39F0-4732-A684-46E41005FB01}
	EndGlobalSection
EndGlobal
